// !$*UTF8*$!
{
	archiveVersion = 1;
	classes = {
	};
	objectVersion = 56;
	objects = {

/* Begin PBXBuildFile section */
		E41F151C2CE64FBC008EEE75 /* MoonshotApp.swift in Sources */ = {isa = PBXBuildFile; fileRef = E41F151B2CE64FBC008EEE75 /* MoonshotApp.swift */; };
		E41F151E2CE64FBC008EEE75 /* ContentView.swift in Sources */ = {isa = PBXBuildFile; fileRef = E41F151D2CE64FBC008EEE75 /* ContentView.swift */; };
		E41F15202CE64FBE008EEE75 /* Assets.xcassets in Resources */ = {isa = PBXBuildFile; fileRef = E41F151F2CE64FBE008EEE75 /* Assets.xcassets */; };
		E41F15232CE64FBE008EEE75 /* Preview Assets.xcassets in Resources */ = {isa = PBXBuildFile; fileRef = E41F15222CE64FBE008EEE75 /* Preview Assets.xcassets */; };
		E41F152B2CE65036008EEE75 /* ImageView.swift in Sources */ = {isa = PBXBuildFile; fileRef = E41F152A2CE65036008EEE75 /* ImageView.swift */; };
		E41F152D2CE651E7008EEE75 /* ScrollTutorialView.swift in Sources */ = {isa = PBXBuildFile; fileRef = E41F152C2CE651E7008EEE75 /* ScrollTutorialView.swift */; };
		E41F152F2CE6539B008EEE75 /* NavigationStackTutorialView.swift in Sources */ = {isa = PBXBuildFile; fileRef = E41F152E2CE6539B008EEE75 /* NavigationStackTutorialView.swift */; };
		E41F15312CE654B7008EEE75 /* HierarchicalCodableView.swift in Sources */ = {isa = PBXBuildFile; fileRef = E41F15302CE654B7008EEE75 /* HierarchicalCodableView.swift */; };
		E41F15332CE65569008EEE75 /* ScrollingGridView.swift in Sources */ = {isa = PBXBuildFile; fileRef = E41F15322CE65569008EEE75 /* ScrollingGridView.swift */; };
		E45C6A542CEB4F8C009E5833 /* astronauts.json in Resources */ = {isa = PBXBuildFile; fileRef = E45C6A522CEB4F8C009E5833 /* astronauts.json */; };
		E45C6A552CEB4F8C009E5833 /* missions.json in Resources */ = {isa = PBXBuildFile; fileRef = E45C6A532CEB4F8C009E5833 /* missions.json */; };
		E45C6A572CEB4FD5009E5833 /* Astronaut.swift in Sources */ = {isa = PBXBuildFile; fileRef = E45C6A562CEB4FD5009E5833 /* Astronaut.swift */; };
		E45C6A592CEB5026009E5833 /* Bundle-Decodable.swift in Sources */ = {isa = PBXBuildFile; fileRef = E45C6A582CEB5026009E5833 /* Bundle-Decodable.swift */; };
		E45C6A5F2CEB594A009E5833 /* Mission.swift in Sources */ = {isa = PBXBuildFile; fileRef = E45C6A5E2CEB594A009E5833 /* Mission.swift */; };
		E45C6A612CEB5C65009E5833 /* Colour-Theme.swift in Sources */ = {isa = PBXBuildFile; fileRef = E45C6A602CEB5C65009E5833 /* Colour-Theme.swift */; };
		E45C6A652CECD287009E5833 /* MissionView.swift in Sources */ = {isa = PBXBuildFile; fileRef = E45C6A642CECD287009E5833 /* MissionView.swift */; };
/* End PBXBuildFile section */

/* Begin PBXFileReference section */
		E41F15182CE64FBC008EEE75 /* Moonshot.app */ = {isa = PBXFileReference; explicitFileType = wrapper.application; includeInIndex = 0; path = Moonshot.app; sourceTree = BUILT_PRODUCTS_DIR; };
		E41F151B2CE64FBC008EEE75 /* MoonshotApp.swift */ = {isa = PBXFileReference; lastKnownFileType = sourcecode.swift; path = MoonshotApp.swift; sourceTree = "<group>"; };
		E41F151D2CE64FBC008EEE75 /* ContentView.swift */ = {isa = PBXFileReference; lastKnownFileType = sourcecode.swift; path = ContentView.swift; sourceTree = "<group>"; };
		E41F151F2CE64FBE008EEE75 /* Assets.xcassets */ = {isa = PBXFileReference; lastKnownFileType = folder.assetcatalog; path = Assets.xcassets; sourceTree = "<group>"; };
		E41F15222CE64FBE008EEE75 /* Preview Assets.xcassets */ = {isa = PBXFileReference; lastKnownFileType = folder.assetcatalog; path = "Preview Assets.xcassets"; sourceTree = "<group>"; };
		E41F152A2CE65036008EEE75 /* ImageView.swift */ = {isa = PBXFileReference; lastKnownFileType = sourcecode.swift; path = ImageView.swift; sourceTree = "<group>"; };
		E41F152C2CE651E7008EEE75 /* ScrollTutorialView.swift */ = {isa = PBXFileReference; lastKnownFileType = sourcecode.swift; path = ScrollTutorialView.swift; sourceTree = "<group>"; };
		E41F152E2CE6539B008EEE75 /* NavigationStackTutorialView.swift */ = {isa = PBXFileReference; lastKnownFileType = sourcecode.swift; path = NavigationStackTutorialView.swift; sourceTree = "<group>"; };
		E41F15302CE654B7008EEE75 /* HierarchicalCodableView.swift */ = {isa = PBXFileReference; lastKnownFileType = sourcecode.swift; path = HierarchicalCodableView.swift; sourceTree = "<group>"; };
		E41F15322CE65569008EEE75 /* ScrollingGridView.swift */ = {isa = PBXFileReference; lastKnownFileType = sourcecode.swift; path = ScrollingGridView.swift; sourceTree = "<group>"; };
		E45C6A522CEB4F8C009E5833 /* astronauts.json */ = {isa = PBXFileReference; fileEncoding = 4; lastKnownFileType = text.json; path = astronauts.json; sourceTree = "<group>"; };
		E45C6A532CEB4F8C009E5833 /* missions.json */ = {isa = PBXFileReference; fileEncoding = 4; lastKnownFileType = text.json; path = missions.json; sourceTree = "<group>"; };
		E45C6A562CEB4FD5009E5833 /* Astronaut.swift */ = {isa = PBXFileReference; lastKnownFileType = sourcecode.swift; path = Astronaut.swift; sourceTree = "<group>"; };
		E45C6A582CEB5026009E5833 /* Bundle-Decodable.swift */ = {isa = PBXFileReference; lastKnownFileType = sourcecode.swift; path = "Bundle-Decodable.swift"; sourceTree = "<group>"; };
		E45C6A5E2CEB594A009E5833 /* Mission.swift */ = {isa = PBXFileReference; lastKnownFileType = sourcecode.swift; path = Mission.swift; sourceTree = "<group>"; };
		E45C6A602CEB5C65009E5833 /* Colour-Theme.swift */ = {isa = PBXFileReference; lastKnownFileType = sourcecode.swift; path = "Colour-Theme.swift"; sourceTree = "<group>"; };
		E45C6A642CECD287009E5833 /* MissionView.swift */ = {isa = PBXFileReference; lastKnownFileType = sourcecode.swift; path = MissionView.swift; sourceTree = "<group>"; };
/* End PBXFileReference section */

/* Begin PBXFrameworksBuildPhase section */
		E41F15152CE64FBC008EEE75 /* Frameworks */ = {
			isa = PBXFrameworksBuildPhase;
			buildActionMask = 2147483647;
			files = (
			);
			runOnlyForDeploymentPostprocessing = 0;
		};
/* End PBXFrameworksBuildPhase section */

/* Begin PBXGroup section */
		E41F150F2CE64FBC008EEE75 = {
			isa = PBXGroup;
			children = (
				E41F151A2CE64FBC008EEE75 /* Moonshot */,
				E41F15192CE64FBC008EEE75 /* Products */,
			);
			sourceTree = "<group>";
		};
		E41F15192CE64FBC008EEE75 /* Products */ = {
			isa = PBXGroup;
			children = (
				E41F15182CE64FBC008EEE75 /* Moonshot.app */,
			);
			name = Products;
			sourceTree = "<group>";
		};
		E41F151A2CE64FBC008EEE75 /* Moonshot */ = {
			isa = PBXGroup;
			children = (
				E45C6A522CEB4F8C009E5833 /* astronauts.json */,
				E45C6A532CEB4F8C009E5833 /* missions.json */,
				E41F15292CE65022008EEE75 /* Tutorials */,
				E41F151B2CE64FBC008EEE75 /* MoonshotApp.swift */,
				E41F151D2CE64FBC008EEE75 /* ContentView.swift */,
				E45C6A602CEB5C65009E5833 /* Colour-Theme.swift */,
				E45C6A562CEB4FD5009E5833 /* Astronaut.swift */,
				E45C6A582CEB5026009E5833 /* Bundle-Decodable.swift */,
				E45C6A5E2CEB594A009E5833 /* Mission.swift */,
				E41F151F2CE64FBE008EEE75 /* Assets.xcassets */,
				E41F15212CE64FBE008EEE75 /* Preview Content */,
				E45C6A642CECD287009E5833 /* MissionView.swift */,
			);
			path = Moonshot;
			sourceTree = "<group>";
		};
		E41F15212CE64FBE008EEE75 /* Preview Content */ = {
			isa = PBXGroup;
			children = (
				E41F15222CE64FBE008EEE75 /* Preview Assets.xcassets */,
			);
			path = "Preview Content";
			sourceTree = "<group>";
		};
		E41F15292CE65022008EEE75 /* Tutorials */ = {
			isa = PBXGroup;
			children = (
				E41F152A2CE65036008EEE75 /* ImageView.swift */,
				E41F152C2CE651E7008EEE75 /* ScrollTutorialView.swift */,
				E41F152E2CE6539B008EEE75 /* NavigationStackTutorialView.swift */,
				E41F15302CE654B7008EEE75 /* HierarchicalCodableView.swift */,
				E41F15322CE65569008EEE75 /* ScrollingGridView.swift */,
			);
			path = Tutorials;
			sourceTree = "<group>";
		};
/* End PBXGroup section */

/* Begin PBXNativeTarget section */
		E41F15172CE64FBC008EEE75 /* Moonshot */ = {
			isa = PBXNativeTarget;
			buildConfigurationList = E41F15262CE64FBE008EEE75 /* Build configuration list for PBXNativeTarget "Moonshot" */;
			buildPhases = (
				E41F15142CE64FBC008EEE75 /* Sources */,
				E41F15152CE64FBC008EEE75 /* Frameworks */,
				E41F15162CE64FBC008EEE75 /* Resources */,
			);
			buildRules = (
			);
			dependencies = (
			);
			name = Moonshot;
			productName = Moonshot;
			productReference = E41F15182CE64FBC008EEE75 /* Moonshot.app */;
			productType = "com.apple.product-type.application";
		};
/* End PBXNativeTarget section */

/* Begin PBXProject section */
		E41F15102CE64FBC008EEE75 /* Project object */ = {
			isa = PBXProject;
			attributes = {
				BuildIndependentTargetsInParallel = 1;
				LastSwiftUpdateCheck = 1540;
				LastUpgradeCheck = 1540;
				TargetAttributes = {
					E41F15172CE64FBC008EEE75 = {
						CreatedOnToolsVersion = 15.4;
					};
				};
			};
			buildConfigurationList = E41F15132CE64FBC008EEE75 /* Build configuration list for PBXProject "Moonshot" */;
			compatibilityVersion = "Xcode 14.0";
			developmentRegion = en;
			hasScannedForEncodings = 0;
			knownRegions = (
				en,
				Base,
			);
			mainGroup = E41F150F2CE64FBC008EEE75;
			productRefGroup = E41F15192CE64FBC008EEE75 /* Products */;
			projectDirPath = "";
			projectRoot = "";
			targets = (
				E41F15172CE64FBC008EEE75 /* Moonshot */,
			);
		};
/* End PBXProject section */

/* Begin PBXResourcesBuildPhase section */
		E41F15162CE64FBC008EEE75 /* Resources */ = {
			isa = PBXResourcesBuildPhase;
			buildActionMask = 2147483647;
			files = (
				E45C6A542CEB4F8C009E5833 /* astronauts.json in Resources */,
				E41F15232CE64FBE008EEE75 /* Preview Assets.xcassets in Resources */,
				E45C6A552CEB4F8C009E5833 /* missions.json in Resources */,
				E41F15202CE64FBE008EEE75 /* Assets.xcassets in Resources */,
			);
			runOnlyForDeploymentPostprocessing = 0;
		};
/* End PBXResourcesBuildPhase section */

/* Begin PBXSourcesBuildPhase section */
		E41F15142CE64FBC008EEE75 /* Sources */ = {
			isa = PBXSourcesBuildPhase;
			buildActionMask = 2147483647;
			files = (
				E41F15332CE65569008EEE75 /* ScrollingGridView.swift in Sources */,
				E41F152B2CE65036008EEE75 /* ImageView.swift in Sources */,
				E41F152D2CE651E7008EEE75 /* ScrollTutorialView.swift in Sources */,
				E45C6A572CEB4FD5009E5833 /* Astronaut.swift in Sources */,
				E45C6A612CEB5C65009E5833 /* Colour-Theme.swift in Sources */,
				E45C6A652CECD287009E5833 /* MissionView.swift in Sources */,
				E41F151E2CE64FBC008EEE75 /* ContentView.swift in Sources */,
				E45C6A592CEB5026009E5833 /* Bundle-Decodable.swift in Sources */,
				E41F152F2CE6539B008EEE75 /* NavigationStackTutorialView.swift in Sources */,
				E41F15312CE654B7008EEE75 /* HierarchicalCodableView.swift in Sources */,
				E45C6A5F2CEB594A009E5833 /* Mission.swift in Sources */,
				E41F151C2CE64FBC008EEE75 /* MoonshotApp.swift in Sources */,
			);
			runOnlyForDeploymentPostprocessing = 0;
		};
/* End PBXSourcesBuildPhase section */

/* Begin XCBuildConfiguration section */
		E41F15242CE64FBE008EEE75 /* Debug */ = {
			isa = XCBuildConfiguration;
			buildSettings = {
				ALWAYS_SEARCH_USER_PATHS = NO;
				ASSETCATALOG_COMPILER_GENERATE_SWIFT_ASSET_SYMBOL_EXTENSIONS = YES;
				CLANG_ANALYZER_NONNULL = YES;
				CLANG_ANALYZER_NUMBER_OBJECT_CONVERSION = YES_AGGRESSIVE;
				CLANG_CXX_LANGUAGE_STANDARD = "gnu++20";
				CLANG_ENABLE_MODULES = YES;
				CLANG_ENABLE_OBJC_ARC = YES;
				CLANG_ENABLE_OBJC_WEAK = YES;
				CLANG_WARN_BLOCK_CAPTURE_AUTORELEASING = YES;
				CLANG_WARN_BOOL_CONVERSION = YES;
				CLANG_WARN_COMMA = YES;
				CLANG_WARN_CONSTANT_CONVERSION = YES;
				CLANG_WARN_DEPRECATED_OBJC_IMPLEMENTATIONS = YES;
				CLANG_WARN_DIRECT_OBJC_ISA_USAGE = YES_ERROR;
				CLANG_WARN_DOCUMENTATION_COMMENTS = YES;
				CLANG_WARN_EMPTY_BODY = YES;
				CLANG_WARN_ENUM_CONVERSION = YES;
				CLANG_WARN_INFINITE_RECURSION = YES;
				CLANG_WARN_INT_CONVERSION = YES;
				CLANG_WARN_NON_LITERAL_NULL_CONVERSION = YES;
				CLANG_WARN_OBJC_IMPLICIT_RETAIN_SELF = YES;
				CLANG_WARN_OBJC_LITERAL_CONVERSION = YES;
				CLANG_WARN_OBJC_ROOT_CLASS = YES_ERROR;
				CLANG_WARN_QUOTED_INCLUDE_IN_FRAMEWORK_HEADER = YES;
				CLANG_WARN_RANGE_LOOP_ANALYSIS = YES;
				CLANG_WARN_STRICT_PROTOTYPES = YES;
				CLANG_WARN_SUSPICIOUS_MOVE = YES;
				CLANG_WARN_UNGUARDED_AVAILABILITY = YES_AGGRESSIVE;
				CLANG_WARN_UNREACHABLE_CODE = YES;
				CLANG_WARN__DUPLICATE_METHOD_MATCH = YES;
				COPY_PHASE_STRIP = NO;
				DEBUG_INFORMATION_FORMAT = dwarf;
				ENABLE_STRICT_OBJC_MSGSEND = YES;
				ENABLE_TESTABILITY = YES;
				ENABLE_USER_SCRIPT_SANDBOXING = YES;
				GCC_C_LANGUAGE_STANDARD = gnu17;
				GCC_DYNAMIC_NO_PIC = NO;
				GCC_NO_COMMON_BLOCKS = YES;
				GCC_OPTIMIZATION_LEVEL = 0;
				GCC_PREPROCESSOR_DEFINITIONS = (
					"DEBUG=1",
					"$(inherited)",
				);
				GCC_WARN_64_TO_32_BIT_CONVERSION = YES;
				GCC_WARN_ABOUT_RETURN_TYPE = YES_ERROR;
				GCC_WARN_UNDECLARED_SELECTOR = YES;
				GCC_WARN_UNINITIALIZED_AUTOS = YES_AGGRESSIVE;
				GCC_WARN_UNUSED_FUNCTION = YES;
				GCC_WARN_UNUSED_VARIABLE = YES;
				IPHONEOS_DEPLOYMENT_TARGET = 17.5;
				LOCALIZATION_PREFERS_STRING_CATALOGS = YES;
				MTL_ENABLE_DEBUG_INFO = INCLUDE_SOURCE;
				MTL_FAST_MATH = YES;
				ONLY_ACTIVE_ARCH = YES;
				SDKROOT = iphoneos;
				SWIFT_ACTIVE_COMPILATION_CONDITIONS = "DEBUG $(inherited)";
				SWIFT_OPTIMIZATION_LEVEL = "-Onone";
			};
			name = Debug;
		};
		E41F15252CE64FBE008EEE75 /* Release */ = {
			isa = XCBuildConfiguration;
			buildSettings = {
				ALWAYS_SEARCH_USER_PATHS = NO;
				ASSETCATALOG_COMPILER_GENERATE_SWIFT_ASSET_SYMBOL_EXTENSIONS = YES;
				CLANG_ANALYZER_NONNULL = YES;
				CLANG_ANALYZER_NUMBER_OBJECT_CONVERSION = YES_AGGRESSIVE;
				CLANG_CXX_LANGUAGE_STANDARD = "gnu++20";
				CLANG_ENABLE_MODULES = YES;
				CLANG_ENABLE_OBJC_ARC = YES;
				CLANG_ENABLE_OBJC_WEAK = YES;
				CLANG_WARN_BLOCK_CAPTURE_AUTORELEASING = YES;
				CLANG_WARN_BOOL_CONVERSION = YES;
				CLANG_WARN_COMMA = YES;
				CLANG_WARN_CONSTANT_CONVERSION = YES;
				CLANG_WARN_DEPRECATED_OBJC_IMPLEMENTATIONS = YES;
				CLANG_WARN_DIRECT_OBJC_ISA_USAGE = YES_ERROR;
				CLANG_WARN_DOCUMENTATION_COMMENTS = YES;
				CLANG_WARN_EMPTY_BODY = YES;
				CLANG_WARN_ENUM_CONVERSION = YES;
				CLANG_WARN_INFINITE_RECURSION = YES;
				CLANG_WARN_INT_CONVERSION = YES;
				CLANG_WARN_NON_LITERAL_NULL_CONVERSION = YES;
				CLANG_WARN_OBJC_IMPLICIT_RETAIN_SELF = YES;
				CLANG_WARN_OBJC_LITERAL_CONVERSION = YES;
				CLANG_WARN_OBJC_ROOT_CLASS = YES_ERROR;
				CLANG_WARN_QUOTED_INCLUDE_IN_FRAMEWORK_HEADER = YES;
				CLANG_WARN_RANGE_LOOP_ANALYSIS = YES;
				CLANG_WARN_STRICT_PROTOTYPES = YES;
				CLANG_WARN_SUSPICIOUS_MOVE = YES;
				CLANG_WARN_UNGUARDED_AVAILABILITY = YES_AGGRESSIVE;
				CLANG_WARN_UNREACHABLE_CODE = YES;
				CLANG_WARN__DUPLICATE_METHOD_MATCH = YES;
				COPY_PHASE_STRIP = NO;
				DEBUG_INFORMATION_FORMAT = "dwarf-with-dsym";
				ENABLE_NS_ASSERTIONS = NO;
				ENABLE_STRICT_OBJC_MSGSEND = YES;
				ENABLE_USER_SCRIPT_SANDBOXING = YES;
				GCC_C_LANGUAGE_STANDARD = gnu17;
				GCC_NO_COMMON_BLOCKS = YES;
				GCC_WARN_64_TO_32_BIT_CONVERSION = YES;
				GCC_WARN_ABOUT_RETURN_TYPE = YES_ERROR;
				GCC_WARN_UNDECLARED_SELECTOR = YES;
				GCC_WARN_UNINITIALIZED_AUTOS = YES_AGGRESSIVE;
				GCC_WARN_UNUSED_FUNCTION = YES;
				GCC_WARN_UNUSED_VARIABLE = YES;
				IPHONEOS_DEPLOYMENT_TARGET = 17.5;
				LOCALIZATION_PREFERS_STRING_CATALOGS = YES;
				MTL_ENABLE_DEBUG_INFO = NO;
				MTL_FAST_MATH = YES;
				SDKROOT = iphoneos;
				SWIFT_COMPILATION_MODE = wholemodule;
				VALIDATE_PRODUCT = YES;
			};
			name = Release;
		};
		E41F15272CE64FBE008EEE75 /* Debug */ = {
			isa = XCBuildConfiguration;
			buildSettings = {
				ASSETCATALOG_COMPILER_APPICON_NAME = AppIcon;
				ASSETCATALOG_COMPILER_GLOBAL_ACCENT_COLOR_NAME = AccentColor;
				CODE_SIGN_STYLE = Automatic;
				CURRENT_PROJECT_VERSION = 1;
				DEVELOPMENT_ASSET_PATHS = "\"Moonshot/Preview Content\"";
				ENABLE_PREVIEWS = YES;
				GENERATE_INFOPLIST_FILE = YES;
				INFOPLIST_KEY_UIApplicationSceneManifest_Generation = YES;
				INFOPLIST_KEY_UIApplicationSupportsIndirectInputEvents = YES;
				INFOPLIST_KEY_UILaunchScreen_Generation = YES;
				INFOPLIST_KEY_UISupportedInterfaceOrientations_iPad = "UIInterfaceOrientationPortrait UIInterfaceOrientationPortraitUpsideDown UIInterfaceOrientationLandscapeLeft UIInterfaceOrientationLandscapeRight";
				INFOPLIST_KEY_UISupportedInterfaceOrientations_iPhone = "UIInterfaceOrientationPortrait UIInterfaceOrientationLandscapeLeft UIInterfaceOrientationLandscapeRight";
				LD_RUNPATH_SEARCH_PATHS = (
					"$(inherited)",
					"@executable_path/Frameworks",
				);
				MARKETING_VERSION = 1.0;
				PRODUCT_BUNDLE_IDENTIFIER = com.smdool.Moonshot;
				PRODUCT_NAME = "$(TARGET_NAME)";
				SWIFT_EMIT_LOC_STRINGS = YES;
				SWIFT_VERSION = 5.0;
				TARGETED_DEVICE_FAMILY = "1,2";
			};
			name = Debug;
		};
		E41F15282CE64FBE008EEE75 /* Release */ = {
			isa = XCBuildConfiguration;
			buildSettings = {
				ASSETCATALOG_COMPILER_APPICON_NAME = AppIcon;
				ASSETCATALOG_COMPILER_GLOBAL_ACCENT_COLOR_NAME = AccentColor;
				CODE_SIGN_STYLE = Automatic;
				CURRENT_PROJECT_VERSION = 1;
				DEVELOPMENT_ASSET_PATHS = "\"Moonshot/Preview Content\"";
				ENABLE_PREVIEWS = YES;
				GENERATE_INFOPLIST_FILE = YES;
				INFOPLIST_KEY_UIApplicationSceneManifest_Generation = YES;
				INFOPLIST_KEY_UIApplicationSupportsIndirectInputEvents = YES;
				INFOPLIST_KEY_UILaunchScreen_Generation = YES;
				INFOPLIST_KEY_UISupportedInterfaceOrientations_iPad = "UIInterfaceOrientationPortrait UIInterfaceOrientationPortraitUpsideDown UIInterfaceOrientationLandscapeLeft UIInterfaceOrientationLandscapeRight";
				INFOPLIST_KEY_UISupportedInterfaceOrientations_iPhone = "UIInterfaceOrientationPortrait UIInterfaceOrientationLandscapeLeft UIInterfaceOrientationLandscapeRight";
				LD_RUNPATH_SEARCH_PATHS = (
					"$(inherited)",
					"@executable_path/Frameworks",
				);
				MARKETING_VERSION = 1.0;
				PRODUCT_BUNDLE_IDENTIFIER = com.smdool.Moonshot;
				PRODUCT_NAME = "$(TARGET_NAME)";
				SWIFT_EMIT_LOC_STRINGS = YES;
				SWIFT_VERSION = 5.0;
				TARGETED_DEVICE_FAMILY = "1,2";
			};
			name = Release;
		};
/* End XCBuildConfiguration section */

/* Begin XCConfigurationList section */
		E41F15132CE64FBC008EEE75 /* Build configuration list for PBXProject "Moonshot" */ = {
			isa = XCConfigurationList;
			buildConfigurations = (
				E41F15242CE64FBE008EEE75 /* Debug */,
				E41F15252CE64FBE008EEE75 /* Release */,
			);
			defaultConfigurationIsVisible = 0;
			defaultConfigurationName = Release;
		};
		E41F15262CE64FBE008EEE75 /* Build configuration list for PBXNativeTarget "Moonshot" */ = {
			isa = XCConfigurationList;
			buildConfigurations = (
				E41F15272CE64FBE008EEE75 /* Debug */,
				E41F15282CE64FBE008EEE75 /* Release */,
			);
			defaultConfigurationIsVisible = 0;
			defaultConfigurationName = Release;
		};
/* End XCConfigurationList section */
	};
	rootObject = E41F15102CE64FBC008EEE75 /* Project object */;
}
